
Microsoft Visual Studio Solution File, Format Version 12.00
# Visual Studio Version 16
VisualStudioVersion = 16.0.30503.244
MinimumVisualStudioVersion = 10.0.40219.1
Project("{9A19103F-16F7-4668-BE54-9A1E7A4F7556}") = "RayTracerChallenge.Library", "RayTracerChallenge.Library\RayTracerChallenge.Library.csproj", "{B63C3B08-0D7E-402E-96C9-ABD0E2FAD8E3}"
EndProject
Project("{9A19103F-16F7-4668-BE54-9A1E7A4F7556}") = "RayTracerChallenge.Library.Tests", "RayTracerChallenge.Library.Tests\RayTracerChallenge.Library.Tests.csproj", "{40C890C9-80E0-4507-BFA1-D066AB2BAE88}"
EndProject
Project("{2150E333-8FDC-42A3-9474-1A3956D46DE8}") = "01 -Solution Items", "01 -Solution Items", "{EE4CB7D2-1A8A-426B-9ADB-5921DD951F0F}"
	ProjectSection(SolutionItems) = preProject
		.editorconfig = .editorconfig
		.gitattributes = .gitattributes
		.gitignore = .gitignore
		Directory.Build.props = Directory.Build.props
		Directory.Build.targets = Directory.Build.targets
		Settings.XamlStyler = Settings.XamlStyler
	EndProjectSection
EndProject
Project("{9A19103F-16F7-4668-BE54-9A1E7A4F7556}") = "RayTracerChallenge.App.Wpf", "RayTracerChallenge.App.Wpf\RayTracerChallenge.App.Wpf.csproj", "{8AC80D9B-84C4-4423-83B3-71A4F5638793}"
EndProject
Project("{9A19103F-16F7-4668-BE54-9A1E7A4F7556}") = "RayTracerChallenge.App.Library", "RayTracerChallenge.App.Library\RayTracerChallenge.App.Library.csproj", "{9CB43552-EE52-4A1F-95E8-5C4464CC169E}"
EndProject
Project("{9A19103F-16F7-4668-BE54-9A1E7A4F7556}") = "RayTracerChallenge.App.Library.Tests", "RayTracerChallenge.App.Library.Tests\RayTracerChallenge.App.Library.Tests.csproj", "{4719C7A1-A251-4D07-98A7-83CB6FDC97F5}"
EndProject
Project("{2150E333-8FDC-42A3-9474-1A3956D46DE8}") = "02 - App", "02 - App", "{F378C8A4-B4C0-4EC7-84B4-6DE59BB76427}"
EndProject
Project("{2150E333-8FDC-42A3-9474-1A3956D46DE8}") = "03 - Libraries", "03 - Libraries", "{8BD47FBD-3652-48BD-8F4B-1B703C4A3FD0}"
EndProject
Project("{2150E333-8FDC-42A3-9474-1A3956D46DE8}") = "04 -Tests", "04 -Tests", "{B813452C-B9DF-46AD-A3DF-BBCCC85B73AF}"
EndProject
Global
	GlobalSection(SolutionConfigurationPlatforms) = preSolution
		Debug|Any CPU = Debug|Any CPU
		Debug|ARM = Debug|ARM
		Debug|ARM64 = Debug|ARM64
		Debug|x64 = Debug|x64
		Debug|x86 = Debug|x86
		Release|Any CPU = Release|Any CPU
		Release|ARM = Release|ARM
		Release|ARM64 = Release|ARM64
		Release|x64 = Release|x64
		Release|x86 = Release|x86
	EndGlobalSection
	GlobalSection(ProjectConfigurationPlatforms) = postSolution
		{B63C3B08-0D7E-402E-96C9-ABD0E2FAD8E3}.Debug|Any CPU.ActiveCfg = Debug|Any CPU
		{B63C3B08-0D7E-402E-96C9-ABD0E2FAD8E3}.Debug|Any CPU.Build.0 = Debug|Any CPU
		{B63C3B08-0D7E-402E-96C9-ABD0E2FAD8E3}.Debug|ARM.ActiveCfg = Debug|Any CPU
		{B63C3B08-0D7E-402E-96C9-ABD0E2FAD8E3}.Debug|ARM.Build.0 = Debug|Any CPU
		{B63C3B08-0D7E-402E-96C9-ABD0E2FAD8E3}.Debug|ARM64.ActiveCfg = Debug|Any CPU
		{B63C3B08-0D7E-402E-96C9-ABD0E2FAD8E3}.Debug|ARM64.Build.0 = Debug|Any CPU
		{B63C3B08-0D7E-402E-96C9-ABD0E2FAD8E3}.Debug|x64.ActiveCfg = Debug|Any CPU
		{B63C3B08-0D7E-402E-96C9-ABD0E2FAD8E3}.Debug|x64.Build.0 = Debug|Any CPU
		{B63C3B08-0D7E-402E-96C9-ABD0E2FAD8E3}.Debug|x86.ActiveCfg = Debug|Any CPU
		{B63C3B08-0D7E-402E-96C9-ABD0E2FAD8E3}.Debug|x86.Build.0 = Debug|Any CPU
		{B63C3B08-0D7E-402E-96C9-ABD0E2FAD8E3}.Release|Any CPU.ActiveCfg = Release|Any CPU
		{B63C3B08-0D7E-402E-96C9-ABD0E2FAD8E3}.Release|Any CPU.Build.0 = Release|Any CPU
		{B63C3B08-0D7E-402E-96C9-ABD0E2FAD8E3}.Release|ARM.ActiveCfg = Release|Any CPU
		{B63C3B08-0D7E-402E-96C9-ABD0E2FAD8E3}.Release|ARM.Build.0 = Release|Any CPU
		{B63C3B08-0D7E-402E-96C9-ABD0E2FAD8E3}.Release|ARM64.ActiveCfg = Release|Any CPU
		{B63C3B08-0D7E-402E-96C9-ABD0E2FAD8E3}.Release|ARM64.Build.0 = Release|Any CPU
		{B63C3B08-0D7E-402E-96C9-ABD0E2FAD8E3}.Release|x64.ActiveCfg = Release|Any CPU
		{B63C3B08-0D7E-402E-96C9-ABD0E2FAD8E3}.Release|x64.Build.0 = Release|Any CPU
		{B63C3B08-0D7E-402E-96C9-ABD0E2FAD8E3}.Release|x86.ActiveCfg = Release|Any CPU
		{B63C3B08-0D7E-402E-96C9-ABD0E2FAD8E3}.Release|x86.Build.0 = Release|Any CPU
		{40C890C9-80E0-4507-BFA1-D066AB2BAE88}.Debug|Any CPU.ActiveCfg = Debug|Any CPU
		{40C890C9-80E0-4507-BFA1-D066AB2BAE88}.Debug|Any CPU.Build.0 = Debug|Any CPU
		{40C890C9-80E0-4507-BFA1-D066AB2BAE88}.Debug|ARM.ActiveCfg = Debug|Any CPU
		{40C890C9-80E0-4507-BFA1-D066AB2BAE88}.Debug|ARM.Build.0 = Debug|Any CPU
		{40C890C9-80E0-4507-BFA1-D066AB2BAE88}.Debug|ARM64.ActiveCfg = Debug|Any CPU
		{40C890C9-80E0-4507-BFA1-D066AB2BAE88}.Debug|ARM64.Build.0 = Debug|Any CPU
		{40C890C9-80E0-4507-BFA1-D066AB2BAE88}.Debug|x64.ActiveCfg = Debug|Any CPU
		{40C890C9-80E0-4507-BFA1-D066AB2BAE88}.Debug|x64.Build.0 = Debug|Any CPU
		{40C890C9-80E0-4507-BFA1-D066AB2BAE88}.Debug|x86.ActiveCfg = Debug|Any CPU
		{40C890C9-80E0-4507-BFA1-D066AB2BAE88}.Debug|x86.Build.0 = Debug|Any CPU
		{40C890C9-80E0-4507-BFA1-D066AB2BAE88}.Release|Any CPU.ActiveCfg = Release|Any CPU
		{40C890C9-80E0-4507-BFA1-D066AB2BAE88}.Release|Any CPU.Build.0 = Release|Any CPU
		{40C890C9-80E0-4507-BFA1-D066AB2BAE88}.Release|ARM.ActiveCfg = Release|Any CPU
		{40C890C9-80E0-4507-BFA1-D066AB2BAE88}.Release|ARM.Build.0 = Release|Any CPU
		{40C890C9-80E0-4507-BFA1-D066AB2BAE88}.Release|ARM64.ActiveCfg = Release|Any CPU
		{40C890C9-80E0-4507-BFA1-D066AB2BAE88}.Release|ARM64.Build.0 = Release|Any CPU
		{40C890C9-80E0-4507-BFA1-D066AB2BAE88}.Release|x64.ActiveCfg = Release|Any CPU
		{40C890C9-80E0-4507-BFA1-D066AB2BAE88}.Release|x64.Build.0 = Release|Any CPU
		{40C890C9-80E0-4507-BFA1-D066AB2BAE88}.Release|x86.ActiveCfg = Release|Any CPU
		{40C890C9-80E0-4507-BFA1-D066AB2BAE88}.Release|x86.Build.0 = Release|Any CPU
		{8AC80D9B-84C4-4423-83B3-71A4F5638793}.Debug|Any CPU.ActiveCfg = Debug|Any CPU
		{8AC80D9B-84C4-4423-83B3-71A4F5638793}.Debug|Any CPU.Build.0 = Debug|Any CPU
		{8AC80D9B-84C4-4423-83B3-71A4F5638793}.Debug|ARM.ActiveCfg = Debug|Any CPU
		{8AC80D9B-84C4-4423-83B3-71A4F5638793}.Debug|ARM.Build.0 = Debug|Any CPU
		{8AC80D9B-84C4-4423-83B3-71A4F5638793}.Debug|ARM64.ActiveCfg = Debug|Any CPU
		{8AC80D9B-84C4-4423-83B3-71A4F5638793}.Debug|ARM64.Build.0 = Debug|Any CPU
		{8AC80D9B-84C4-4423-83B3-71A4F5638793}.Debug|x64.ActiveCfg = Debug|Any CPU
		{8AC80D9B-84C4-4423-83B3-71A4F5638793}.Debug|x64.Build.0 = Debug|Any CPU
		{8AC80D9B-84C4-4423-83B3-71A4F5638793}.Debug|x86.ActiveCfg = Debug|Any CPU
		{8AC80D9B-84C4-4423-83B3-71A4F5638793}.Debug|x86.Build.0 = Debug|Any CPU
		{8AC80D9B-84C4-4423-83B3-71A4F5638793}.Release|Any CPU.ActiveCfg = Release|Any CPU
		{8AC80D9B-84C4-4423-83B3-71A4F5638793}.Release|Any CPU.Build.0 = Release|Any CPU
		{8AC80D9B-84C4-4423-83B3-71A4F5638793}.Release|ARM.ActiveCfg = Release|Any CPU
		{8AC80D9B-84C4-4423-83B3-71A4F5638793}.Release|ARM.Build.0 = Release|Any CPU
		{8AC80D9B-84C4-4423-83B3-71A4F5638793}.Release|ARM64.ActiveCfg = Release|Any CPU
		{8AC80D9B-84C4-4423-83B3-71A4F5638793}.Release|ARM64.Build.0 = Release|Any CPU
		{8AC80D9B-84C4-4423-83B3-71A4F5638793}.Release|x64.ActiveCfg = Release|Any CPU
		{8AC80D9B-84C4-4423-83B3-71A4F5638793}.Release|x64.Build.0 = Release|Any CPU
		{8AC80D9B-84C4-4423-83B3-71A4F5638793}.Release|x86.ActiveCfg = Release|Any CPU
		{8AC80D9B-84C4-4423-83B3-71A4F5638793}.Release|x86.Build.0 = Release|Any CPU
		{9CB43552-EE52-4A1F-95E8-5C4464CC169E}.Debug|Any CPU.ActiveCfg = Debug|Any CPU
		{9CB43552-EE52-4A1F-95E8-5C4464CC169E}.Debug|Any CPU.Build.0 = Debug|Any CPU
		{9CB43552-EE52-4A1F-95E8-5C4464CC169E}.Debug|ARM.ActiveCfg = Debug|Any CPU
		{9CB43552-EE52-4A1F-95E8-5C4464CC169E}.Debug|ARM.Build.0 = Debug|Any CPU
		{9CB43552-EE52-4A1F-95E8-5C4464CC169E}.Debug|ARM64.ActiveCfg = Debug|Any CPU
		{9CB43552-EE52-4A1F-95E8-5C4464CC169E}.Debug|ARM64.Build.0 = Debug|Any CPU
		{9CB43552-EE52-4A1F-95E8-5C4464CC169E}.Debug|x64.ActiveCfg = Debug|Any CPU
		{9CB43552-EE52-4A1F-95E8-5C4464CC169E}.Debug|x64.Build.0 = Debug|Any CPU
		{9CB43552-EE52-4A1F-95E8-5C4464CC169E}.Debug|x86.ActiveCfg = Debug|Any CPU
		{9CB43552-EE52-4A1F-95E8-5C4464CC169E}.Debug|x86.Build.0 = Debug|Any CPU
		{9CB43552-EE52-4A1F-95E8-5C4464CC169E}.Release|Any CPU.ActiveCfg = Release|Any CPU
		{9CB43552-EE52-4A1F-95E8-5C4464CC169E}.Release|Any CPU.Build.0 = Release|Any CPU
		{9CB43552-EE52-4A1F-95E8-5C4464CC169E}.Release|ARM.ActiveCfg = Release|Any CPU
		{9CB43552-EE52-4A1F-95E8-5C4464CC169E}.Release|ARM.Build.0 = Release|Any CPU
		{9CB43552-EE52-4A1F-95E8-5C4464CC169E}.Release|ARM64.ActiveCfg = Release|Any CPU
		{9CB43552-EE52-4A1F-95E8-5C4464CC169E}.Release|ARM64.Build.0 = Release|Any CPU
		{9CB43552-EE52-4A1F-95E8-5C4464CC169E}.Release|x64.ActiveCfg = Release|Any CPU
		{9CB43552-EE52-4A1F-95E8-5C4464CC169E}.Release|x64.Build.0 = Release|Any CPU
		{9CB43552-EE52-4A1F-95E8-5C4464CC169E}.Release|x86.ActiveCfg = Release|Any CPU
		{9CB43552-EE52-4A1F-95E8-5C4464CC169E}.Release|x86.Build.0 = Release|Any CPU
		{4719C7A1-A251-4D07-98A7-83CB6FDC97F5}.Debug|Any CPU.ActiveCfg = Debug|Any CPU
		{4719C7A1-A251-4D07-98A7-83CB6FDC97F5}.Debug|Any CPU.Build.0 = Debug|Any CPU
		{4719C7A1-A251-4D07-98A7-83CB6FDC97F5}.Debug|ARM.ActiveCfg = Debug|Any CPU
		{4719C7A1-A251-4D07-98A7-83CB6FDC97F5}.Debug|ARM.Build.0 = Debug|Any CPU
		{4719C7A1-A251-4D07-98A7-83CB6FDC97F5}.Debug|ARM64.ActiveCfg = Debug|Any CPU
		{4719C7A1-A251-4D07-98A7-83CB6FDC97F5}.Debug|ARM64.Build.0 = Debug|Any CPU
		{4719C7A1-A251-4D07-98A7-83CB6FDC97F5}.Debug|x64.ActiveCfg = Debug|Any CPU
		{4719C7A1-A251-4D07-98A7-83CB6FDC97F5}.Debug|x64.Build.0 = Debug|Any CPU
		{4719C7A1-A251-4D07-98A7-83CB6FDC97F5}.Debug|x86.ActiveCfg = Debug|Any CPU
		{4719C7A1-A251-4D07-98A7-83CB6FDC97F5}.Debug|x86.Build.0 = Debug|Any CPU
		{4719C7A1-A251-4D07-98A7-83CB6FDC97F5}.Release|Any CPU.ActiveCfg = Release|Any CPU
		{4719C7A1-A251-4D07-98A7-83CB6FDC97F5}.Release|Any CPU.Build.0 = Release|Any CPU
		{4719C7A1-A251-4D07-98A7-83CB6FDC97F5}.Release|ARM.ActiveCfg = Release|Any CPU
		{4719C7A1-A251-4D07-98A7-83CB6FDC97F5}.Release|ARM.Build.0 = Release|Any CPU
		{4719C7A1-A251-4D07-98A7-83CB6FDC97F5}.Release|ARM64.ActiveCfg = Release|Any CPU
		{4719C7A1-A251-4D07-98A7-83CB6FDC97F5}.Release|ARM64.Build.0 = Release|Any CPU
		{4719C7A1-A251-4D07-98A7-83CB6FDC97F5}.Release|x64.ActiveCfg = Release|Any CPU
		{4719C7A1-A251-4D07-98A7-83CB6FDC97F5}.Release|x64.Build.0 = Release|Any CPU
		{4719C7A1-A251-4D07-98A7-83CB6FDC97F5}.Release|x86.ActiveCfg = Release|Any CPU
		{4719C7A1-A251-4D07-98A7-83CB6FDC97F5}.Release|x86.Build.0 = Release|Any CPU
	EndGlobalSection
	GlobalSection(SolutionProperties) = preSolution
		HideSolutionNode = FALSE
	EndGlobalSection
	GlobalSection(NestedProjects) = preSolution
		{B63C3B08-0D7E-402E-96C9-ABD0E2FAD8E3} = {8BD47FBD-3652-48BD-8F4B-1B703C4A3FD0}
		{40C890C9-80E0-4507-BFA1-D066AB2BAE88} = {B813452C-B9DF-46AD-A3DF-BBCCC85B73AF}
		{8AC80D9B-84C4-4423-83B3-71A4F5638793} = {F378C8A4-B4C0-4EC7-84B4-6DE59BB76427}
		{9CB43552-EE52-4A1F-95E8-5C4464CC169E} = {8BD47FBD-3652-48BD-8F4B-1B703C4A3FD0}
		{4719C7A1-A251-4D07-98A7-83CB6FDC97F5} = {B813452C-B9DF-46AD-A3DF-BBCCC85B73AF}
	EndGlobalSection
	GlobalSection(ExtensibilityGlobals) = postSolution
		SolutionGuid = {73D86B5B-95AE-41EF-A749-3E2A2F168959}
	EndGlobalSection
EndGlobal
